// !$*UTF8*$!
{
	archiveVersion = 1;
	classes = {
	};
	objectVersion = 46;
	objects = {

/* Begin PBXBuildFile section */
		8368359C1D39D6200065017C /* DemoViewControllerTransitionTableViewController.m in Sources */ = {isa = PBXBuildFile; fileRef = 8368359B1D39D6200065017C /* DemoViewControllerTransitionTableViewController.m */; };
		8368359F1D39D6970065017C /* DemoViewControllerTransitionViewController.m in Sources */ = {isa = PBXBuildFile; fileRef = 8368359E1D39D6970065017C /* DemoViewControllerTransitionViewController.m */; };
		836835A21D39DC540065017C /* DemoViewControllerTransitionPresentedViewController.m in Sources */ = {isa = PBXBuildFile; fileRef = 836835A11D39DC540065017C /* DemoViewControllerTransitionPresentedViewController.m */; };
		836835AD1D39E4190065017C /* AnimatorPresentTransition.m in Sources */ = {isa = PBXBuildFile; fileRef = 836835AC1D39E4190065017C /* AnimatorPresentTransition.m */; };
		836835B01D3B20700065017C /* AnimatorBubbleTransition.m in Sources */ = {isa = PBXBuildFile; fileRef = 836835AF1D3B20700065017C /* AnimatorBubbleTransition.m */; };
		836835B31D3B59DC0065017C /* AnimatorBaseTransition.m in Sources */ = {isa = PBXBuildFile; fileRef = 836835B21D3B59DC0065017C /* AnimatorBaseTransition.m */; };
		A4BC4DBD1D47334E00DCEFE7 /* RootTableViewController.m in Sources */ = {isa = PBXBuildFile; fileRef = A4BC4DBC1D47334E00DCEFE7 /* RootTableViewController.m */; };
		A4BC4E071D484C0600DCEFE7 /* AnimatorPresentHalfTransition.m in Sources */ = {isa = PBXBuildFile; fileRef = A4BC4E061D484C0600DCEFE7 /* AnimatorPresentHalfTransition.m */; };
		A4BC4E0A1D484C2C00DCEFE7 /* AnimatorPushPopTransition.m in Sources */ = {isa = PBXBuildFile; fileRef = A4BC4E091D484C2C00DCEFE7 /* AnimatorPushPopTransition.m */; };
		A4BC4E101D49E45800DCEFE7 /* DemoCATransitionPresentedViewController.m in Sources */ = {isa = PBXBuildFile; fileRef = A4BC4E0F1D49E45800DCEFE7 /* DemoCATransitionPresentedViewController.m */; };
		A4BC4E131D49E46A00DCEFE7 /* DemoCATransitionPushedViewController.m in Sources */ = {isa = PBXBuildFile; fileRef = A4BC4E121D49E46A00DCEFE7 /* DemoCATransitionPushedViewController.m */; };
		A4D8AED81D53434100060E5F /* AnimatorDrawerTransition.m in Sources */ = {isa = PBXBuildFile; fileRef = A4D8AED71D53434100060E5F /* AnimatorDrawerTransition.m */; };
		A4DD339B1D3890A700F1F631 /* main.m in Sources */ = {isa = PBXBuildFile; fileRef = A4DD339A1D3890A700F1F631 /* main.m */; };
		A4DD339E1D3890A700F1F631 /* AppDelegate.m in Sources */ = {isa = PBXBuildFile; fileRef = A4DD339D1D3890A700F1F631 /* AppDelegate.m */; };
		A4DD33A11D3890A700F1F631 /* DemoViewController.m in Sources */ = {isa = PBXBuildFile; fileRef = A4DD33A01D3890A700F1F631 /* DemoViewController.m */; };
		A4DD33A41D3890A700F1F631 /* Main.storyboard in Resources */ = {isa = PBXBuildFile; fileRef = A4DD33A21D3890A700F1F631 /* Main.storyboard */; };
		A4DD33A61D3890A700F1F631 /* Assets.xcassets in Resources */ = {isa = PBXBuildFile; fileRef = A4DD33A51D3890A700F1F631 /* Assets.xcassets */; };
		A4DD33A91D3890A700F1F631 /* LaunchScreen.storyboard in Resources */ = {isa = PBXBuildFile; fileRef = A4DD33A71D3890A700F1F631 /* LaunchScreen.storyboard */; };
		A4DD33B31D38914600F1F631 /* AViewController.m in Sources */ = {isa = PBXBuildFile; fileRef = A4DD33B21D38914500F1F631 /* AViewController.m */; };
		A4DD33B61D38BCF400F1F631 /* BViewController.m in Sources */ = {isa = PBXBuildFile; fileRef = A4DD33B51D38BCF400F1F631 /* BViewController.m */; };
		A4DD33B91D38BCFC00F1F631 /* CViewController.m in Sources */ = {isa = PBXBuildFile; fileRef = A4DD33B81D38BCFC00F1F631 /* CViewController.m */; };
		A4DD33BC1D38C72500F1F631 /* ChildViewController.m in Sources */ = {isa = PBXBuildFile; fileRef = A4DD33BB1D38C72500F1F631 /* ChildViewController.m */; };
		A4DD33C61D38F47300F1F631 /* DemoCATransitionTableViewController.m in Sources */ = {isa = PBXBuildFile; fileRef = A4DD33C51D38F47300F1F631 /* DemoCATransitionTableViewController.m */; };
		A4DD33C91D38F74400F1F631 /* DemoCATransitionViewController.m in Sources */ = {isa = PBXBuildFile; fileRef = A4DD33C81D38F74400F1F631 /* DemoCATransitionViewController.m */; };
		A4DD33DA1D3DC35900F1F631 /* DemoCollectionViewController.m in Sources */ = {isa = PBXBuildFile; fileRef = A4DD33D91D3DC35900F1F631 /* DemoCollectionViewController.m */; };
		A4DD33DD1D3DC37700F1F631 /* CollectionViewItemViewController.m in Sources */ = {isa = PBXBuildFile; fileRef = A4DD33DC1D3DC37700F1F631 /* CollectionViewItemViewController.m */; };
/* End PBXBuildFile section */

/* Begin PBXFileReference section */
		8368359A1D39D6200065017C /* DemoViewControllerTransitionTableViewController.h */ = {isa = PBXFileReference; fileEncoding = 4; lastKnownFileType = sourcecode.c.h; path = DemoViewControllerTransitionTableViewController.h; sourceTree = "<group>"; };
		8368359B1D39D6200065017C /* DemoViewControllerTransitionTableViewController.m */ = {isa = PBXFileReference; fileEncoding = 4; lastKnownFileType = sourcecode.c.objc; path = DemoViewControllerTransitionTableViewController.m; sourceTree = "<group>"; };
		8368359D1D39D6970065017C /* DemoViewControllerTransitionViewController.h */ = {isa = PBXFileReference; fileEncoding = 4; lastKnownFileType = sourcecode.c.h; path = DemoViewControllerTransitionViewController.h; sourceTree = "<group>"; };
		8368359E1D39D6970065017C /* DemoViewControllerTransitionViewController.m */ = {isa = PBXFileReference; fileEncoding = 4; lastKnownFileType = sourcecode.c.objc; path = DemoViewControllerTransitionViewController.m; sourceTree = "<group>"; };
		836835A01D39DC540065017C /* DemoViewControllerTransitionPresentedViewController.h */ = {isa = PBXFileReference; fileEncoding = 4; lastKnownFileType = sourcecode.c.h; path = DemoViewControllerTransitionPresentedViewController.h; sourceTree = "<group>"; };
		836835A11D39DC540065017C /* DemoViewControllerTransitionPresentedViewController.m */ = {isa = PBXFileReference; fileEncoding = 4; lastKnownFileType = sourcecode.c.objc; path = DemoViewControllerTransitionPresentedViewController.m; sourceTree = "<group>"; };
		836835AB1D39E4190065017C /* AnimatorPresentTransition.h */ = {isa = PBXFileReference; fileEncoding = 4; lastKnownFileType = sourcecode.c.h; path = AnimatorPresentTransition.h; sourceTree = "<group>"; };
		836835AC1D39E4190065017C /* AnimatorPresentTransition.m */ = {isa = PBXFileReference; fileEncoding = 4; lastKnownFileType = sourcecode.c.objc; path = AnimatorPresentTransition.m; sourceTree = "<group>"; };
		836835AE1D3B20700065017C /* AnimatorBubbleTransition.h */ = {isa = PBXFileReference; fileEncoding = 4; lastKnownFileType = sourcecode.c.h; path = AnimatorBubbleTransition.h; sourceTree = "<group>"; };
		836835AF1D3B20700065017C /* AnimatorBubbleTransition.m */ = {isa = PBXFileReference; fileEncoding = 4; lastKnownFileType = sourcecode.c.objc; path = AnimatorBubbleTransition.m; sourceTree = "<group>"; };
		836835B11D3B59DC0065017C /* AnimatorBaseTransition.h */ = {isa = PBXFileReference; fileEncoding = 4; lastKnownFileType = sourcecode.c.h; path = AnimatorBaseTransition.h; sourceTree = "<group>"; };
		836835B21D3B59DC0065017C /* AnimatorBaseTransition.m */ = {isa = PBXFileReference; fileEncoding = 4; lastKnownFileType = sourcecode.c.objc; path = AnimatorBaseTransition.m; sourceTree = "<group>"; };
		A4BC4DBB1D47334E00DCEFE7 /* RootTableViewController.h */ = {isa = PBXFileReference; fileEncoding = 4; lastKnownFileType = sourcecode.c.h; path = RootTableViewController.h; sourceTree = "<group>"; };
		A4BC4DBC1D47334E00DCEFE7 /* RootTableViewController.m */ = {isa = PBXFileReference; fileEncoding = 4; lastKnownFileType = sourcecode.c.objc; path = RootTableViewController.m; sourceTree = "<group>"; };
		A4BC4E051D484C0600DCEFE7 /* AnimatorPresentHalfTransition.h */ = {isa = PBXFileReference; fileEncoding = 4; lastKnownFileType = sourcecode.c.h; path = AnimatorPresentHalfTransition.h; sourceTree = "<group>"; };
		A4BC4E061D484C0600DCEFE7 /* AnimatorPresentHalfTransition.m */ = {isa = PBXFileReference; fileEncoding = 4; lastKnownFileType = sourcecode.c.objc; path = AnimatorPresentHalfTransition.m; sourceTree = "<group>"; };
		A4BC4E081D484C2C00DCEFE7 /* AnimatorPushPopTransition.h */ = {isa = PBXFileReference; fileEncoding = 4; lastKnownFileType = sourcecode.c.h; path = AnimatorPushPopTransition.h; sourceTree = "<group>"; };
		A4BC4E091D484C2C00DCEFE7 /* AnimatorPushPopTransition.m */ = {isa = PBXFileReference; fileEncoding = 4; lastKnownFileType = sourcecode.c.objc; path = AnimatorPushPopTransition.m; sourceTree = "<group>"; };
		A4BC4E0E1D49E45800DCEFE7 /* DemoCATransitionPresentedViewController.h */ = {isa = PBXFileReference; fileEncoding = 4; lastKnownFileType = sourcecode.c.h; path = DemoCATransitionPresentedViewController.h; sourceTree = "<group>"; };
		A4BC4E0F1D49E45800DCEFE7 /* DemoCATransitionPresentedViewController.m */ = {isa = PBXFileReference; fileEncoding = 4; lastKnownFileType = sourcecode.c.objc; path = DemoCATransitionPresentedViewController.m; sourceTree = "<group>"; };
		A4BC4E111D49E46A00DCEFE7 /* DemoCATransitionPushedViewController.h */ = {isa = PBXFileReference; fileEncoding = 4; lastKnownFileType = sourcecode.c.h; path = DemoCATransitionPushedViewController.h; sourceTree = "<group>"; };
		A4BC4E121D49E46A00DCEFE7 /* DemoCATransitionPushedViewController.m */ = {isa = PBXFileReference; fileEncoding = 4; lastKnownFileType = sourcecode.c.objc; path = DemoCATransitionPushedViewController.m; sourceTree = "<group>"; };
		A4D8AED61D53434100060E5F /* AnimatorDrawerTransition.h */ = {isa = PBXFileReference; fileEncoding = 4; lastKnownFileType = sourcecode.c.h; path = AnimatorDrawerTransition.h; sourceTree = "<group>"; };
		A4D8AED71D53434100060E5F /* AnimatorDrawerTransition.m */ = {isa = PBXFileReference; fileEncoding = 4; lastKnownFileType = sourcecode.c.objc; path = AnimatorDrawerTransition.m; sourceTree = "<group>"; };
		A4DD33961D3890A700F1F631 /* DemoTransitions.app */ = {isa = PBXFileReference; explicitFileType = wrapper.application; includeInIndex = 0; path = DemoTransitions.app; sourceTree = BUILT_PRODUCTS_DIR; };
		A4DD339A1D3890A700F1F631 /* main.m */ = {isa = PBXFileReference; lastKnownFileType = sourcecode.c.objc; path = main.m; sourceTree = "<group>"; };
		A4DD339C1D3890A700F1F631 /* AppDelegate.h */ = {isa = PBXFileReference; lastKnownFileType = sourcecode.c.h; path = AppDelegate.h; sourceTree = "<group>"; };
		A4DD339D1D3890A700F1F631 /* AppDelegate.m */ = {isa = PBXFileReference; lastKnownFileType = sourcecode.c.objc; path = AppDelegate.m; sourceTree = "<group>"; };
		A4DD339F1D3890A700F1F631 /* DemoViewController.h */ = {isa = PBXFileReference; lastKnownFileType = sourcecode.c.h; path = DemoViewController.h; sourceTree = "<group>"; };
		A4DD33A01D3890A700F1F631 /* DemoViewController.m */ = {isa = PBXFileReference; lastKnownFileType = sourcecode.c.objc; path = DemoViewController.m; sourceTree = "<group>"; };
		A4DD33A31D3890A700F1F631 /* Base */ = {isa = PBXFileReference; lastKnownFileType = file.storyboard; name = Base; path = Base.lproj/Main.storyboard; sourceTree = "<group>"; };
		A4DD33A51D3890A700F1F631 /* Assets.xcassets */ = {isa = PBXFileReference; lastKnownFileType = folder.assetcatalog; path = Assets.xcassets; sourceTree = "<group>"; };
		A4DD33A81D3890A700F1F631 /* Base */ = {isa = PBXFileReference; lastKnownFileType = file.storyboard; name = Base; path = Base.lproj/LaunchScreen.storyboard; sourceTree = "<group>"; };
		A4DD33AA1D3890A700F1F631 /* Info.plist */ = {isa = PBXFileReference; lastKnownFileType = text.plist.xml; path = Info.plist; sourceTree = "<group>"; };
		A4DD33B11D38914500F1F631 /* AViewController.h */ = {isa = PBXFileReference; fileEncoding = 4; lastKnownFileType = sourcecode.c.h; path = AViewController.h; sourceTree = "<group>"; };
		A4DD33B21D38914500F1F631 /* AViewController.m */ = {isa = PBXFileReference; fileEncoding = 4; lastKnownFileType = sourcecode.c.objc; path = AViewController.m; sourceTree = "<group>"; };
		A4DD33B41D38BCF400F1F631 /* BViewController.h */ = {isa = PBXFileReference; fileEncoding = 4; lastKnownFileType = sourcecode.c.h; path = BViewController.h; sourceTree = "<group>"; };
		A4DD33B51D38BCF400F1F631 /* BViewController.m */ = {isa = PBXFileReference; fileEncoding = 4; lastKnownFileType = sourcecode.c.objc; path = BViewController.m; sourceTree = "<group>"; };
		A4DD33B71D38BCFC00F1F631 /* CViewController.h */ = {isa = PBXFileReference; fileEncoding = 4; lastKnownFileType = sourcecode.c.h; path = CViewController.h; sourceTree = "<group>"; };
		A4DD33B81D38BCFC00F1F631 /* CViewController.m */ = {isa = PBXFileReference; fileEncoding = 4; lastKnownFileType = sourcecode.c.objc; path = CViewController.m; sourceTree = "<group>"; };
		A4DD33BA1D38C72500F1F631 /* ChildViewController.h */ = {isa = PBXFileReference; fileEncoding = 4; lastKnownFileType = sourcecode.c.h; path = ChildViewController.h; sourceTree = "<group>"; };
		A4DD33BB1D38C72500F1F631 /* ChildViewController.m */ = {isa = PBXFileReference; fileEncoding = 4; lastKnownFileType = sourcecode.c.objc; path = ChildViewController.m; sourceTree = "<group>"; };
		A4DD33C41D38F47300F1F631 /* DemoCATransitionTableViewController.h */ = {isa = PBXFileReference; fileEncoding = 4; lastKnownFileType = sourcecode.c.h; path = DemoCATransitionTableViewController.h; sourceTree = "<group>"; };
		A4DD33C51D38F47300F1F631 /* DemoCATransitionTableViewController.m */ = {isa = PBXFileReference; fileEncoding = 4; lastKnownFileType = sourcecode.c.objc; path = DemoCATransitionTableViewController.m; sourceTree = "<group>"; };
		A4DD33C71D38F74400F1F631 /* DemoCATransitionViewController.h */ = {isa = PBXFileReference; fileEncoding = 4; lastKnownFileType = sourcecode.c.h; path = DemoCATransitionViewController.h; sourceTree = "<group>"; };
		A4DD33C81D38F74400F1F631 /* DemoCATransitionViewController.m */ = {isa = PBXFileReference; fileEncoding = 4; lastKnownFileType = sourcecode.c.objc; path = DemoCATransitionViewController.m; sourceTree = "<group>"; };
		A4DD33D81D3DC35900F1F631 /* DemoCollectionViewController.h */ = {isa = PBXFileReference; fileEncoding = 4; lastKnownFileType = sourcecode.c.h; path = DemoCollectionViewController.h; sourceTree = "<group>"; };
		A4DD33D91D3DC35900F1F631 /* DemoCollectionViewController.m */ = {isa = PBXFileReference; fileEncoding = 4; lastKnownFileType = sourcecode.c.objc; path = DemoCollectionViewController.m; sourceTree = "<group>"; };
		A4DD33DB1D3DC37700F1F631 /* CollectionViewItemViewController.h */ = {isa = PBXFileReference; fileEncoding = 4; lastKnownFileType = sourcecode.c.h; path = CollectionViewItemViewController.h; sourceTree = "<group>"; };
		A4DD33DC1D3DC37700F1F631 /* CollectionViewItemViewController.m */ = {isa = PBXFileReference; fileEncoding = 4; lastKnownFileType = sourcecode.c.objc; path = CollectionViewItemViewController.m; sourceTree = "<group>"; };
/* End PBXFileReference section */

/* Begin PBXFrameworksBuildPhase section */
		A4DD33931D3890A700F1F631 /* Frameworks */ = {
			isa = PBXFrameworksBuildPhase;
			buildActionMask = 2147483647;
			files = (
			);
			runOnlyForDeploymentPostprocessing = 0;
		};
/* End PBXFrameworksBuildPhase section */

/* Begin PBXGroup section */
		836835991D39D5EF0065017C /* DemoViewControllerTransition */ = {
			isa = PBXGroup;
			children = (
				A4DD33D71D3DC35900F1F631 /* PushPop */,
				836835AA1D39E4040065017C /* Animators */,
				8368359A1D39D6200065017C /* DemoViewControllerTransitionTableViewController.h */,
				8368359B1D39D6200065017C /* DemoViewControllerTransitionTableViewController.m */,
				8368359D1D39D6970065017C /* DemoViewControllerTransitionViewController.h */,
				8368359E1D39D6970065017C /* DemoViewControllerTransitionViewController.m */,
				836835A01D39DC540065017C /* DemoViewControllerTransitionPresentedViewController.h */,
				836835A11D39DC540065017C /* DemoViewControllerTransitionPresentedViewController.m */,
			);
			path = DemoViewControllerTransition;
			sourceTree = "<group>";
		};
		836835AA1D39E4040065017C /* Animators */ = {
			isa = PBXGroup;
			children = (
				836835B11D3B59DC0065017C /* AnimatorBaseTransition.h */,
				836835B21D3B59DC0065017C /* AnimatorBaseTransition.m */,
				836835AB1D39E4190065017C /* AnimatorPresentTransition.h */,
				836835AC1D39E4190065017C /* AnimatorPresentTransition.m */,
				A4BC4E051D484C0600DCEFE7 /* AnimatorPresentHalfTransition.h */,
				A4BC4E061D484C0600DCEFE7 /* AnimatorPresentHalfTransition.m */,
				836835AE1D3B20700065017C /* AnimatorBubbleTransition.h */,
				836835AF1D3B20700065017C /* AnimatorBubbleTransition.m */,
				A4D8AED61D53434100060E5F /* AnimatorDrawerTransition.h */,
				A4D8AED71D53434100060E5F /* AnimatorDrawerTransition.m */,
			);
			path = Animators;
			sourceTree = "<group>";
		};
		A4DD338D1D3890A700F1F631 = {
			isa = PBXGroup;
			children = (
				A4DD33981D3890A700F1F631 /* DemoTransitions */,
				A4DD33971D3890A700F1F631 /* Products */,
			);
			sourceTree = "<group>";
		};
		A4DD33971D3890A700F1F631 /* Products */ = {
			isa = PBXGroup;
			children = (
				A4DD33961D3890A700F1F631 /* DemoTransitions.app */,
			);
			name = Products;
			sourceTree = "<group>";
		};
		A4DD33981D3890A700F1F631 /* DemoTransitions */ = {
			isa = PBXGroup;
			children = (
				836835991D39D5EF0065017C /* DemoViewControllerTransition */,
				A4DD33BD1D38DB7500F1F631 /* DemoCATransition */,
				A4DD33B01D3890E600F1F631 /* transitionFromViewController */,
				A4DD339C1D3890A700F1F631 /* AppDelegate.h */,
				A4DD339D1D3890A700F1F631 /* AppDelegate.m */,
				A4DD339F1D3890A700F1F631 /* DemoViewController.h */,
				A4DD33A01D3890A700F1F631 /* DemoViewController.m */,
				A4BC4DBB1D47334E00DCEFE7 /* RootTableViewController.h */,
				A4BC4DBC1D47334E00DCEFE7 /* RootTableViewController.m */,
				A4DD33A21D3890A700F1F631 /* Main.storyboard */,
				A4DD33A51D3890A700F1F631 /* Assets.xcassets */,
				A4DD33A71D3890A700F1F631 /* LaunchScreen.storyboard */,
				A4DD33AA1D3890A700F1F631 /* Info.plist */,
				A4DD33991D3890A700F1F631 /* Supporting Files */,
			);
			path = DemoTransitions;
			sourceTree = "<group>";
		};
		A4DD33991D3890A700F1F631 /* Supporting Files */ = {
			isa = PBXGroup;
			children = (
				A4DD339A1D3890A700F1F631 /* main.m */,
			);
			name = "Supporting Files";
			sourceTree = "<group>";
		};
		A4DD33B01D3890E600F1F631 /* transitionFromViewController */ = {
			isa = PBXGroup;
			children = (
				A4DD33BA1D38C72500F1F631 /* ChildViewController.h */,
				A4DD33BB1D38C72500F1F631 /* ChildViewController.m */,
				A4DD33B11D38914500F1F631 /* AViewController.h */,
				A4DD33B21D38914500F1F631 /* AViewController.m */,
				A4DD33B41D38BCF400F1F631 /* BViewController.h */,
				A4DD33B51D38BCF400F1F631 /* BViewController.m */,
				A4DD33B71D38BCFC00F1F631 /* CViewController.h */,
				A4DD33B81D38BCFC00F1F631 /* CViewController.m */,
			);
			path = transitionFromViewController;
			sourceTree = "<group>";
		};
		A4DD33BD1D38DB7500F1F631 /* DemoCATransition */ = {
			isa = PBXGroup;
			children = (
				A4DD33C41D38F47300F1F631 /* DemoCATransitionTableViewController.h */,
				A4DD33C51D38F47300F1F631 /* DemoCATransitionTableViewController.m */,
				A4DD33C71D38F74400F1F631 /* DemoCATransitionViewController.h */,
				A4DD33C81D38F74400F1F631 /* DemoCATransitionViewController.m */,
				A4BC4E0E1D49E45800DCEFE7 /* DemoCATransitionPresentedViewController.h */,
				A4BC4E0F1D49E45800DCEFE7 /* DemoCATransitionPresentedViewController.m */,
				A4BC4E111D49E46A00DCEFE7 /* DemoCATransitionPushedViewController.h */,
				A4BC4E121D49E46A00DCEFE7 /* DemoCATransitionPushedViewController.m */,
			);
			path = DemoCATransition;
			sourceTree = "<group>";
		};
		A4DD33D71D3DC35900F1F631 /* PushPop */ = {
			isa = PBXGroup;
			children = (
				A4BC4E081D484C2C00DCEFE7 /* AnimatorPushPopTransition.h */,
				A4BC4E091D484C2C00DCEFE7 /* AnimatorPushPopTransition.m */,
				A4DD33D81D3DC35900F1F631 /* DemoCollectionViewController.h */,
				A4DD33D91D3DC35900F1F631 /* DemoCollectionViewController.m */,
				A4DD33DB1D3DC37700F1F631 /* CollectionViewItemViewController.h */,
				A4DD33DC1D3DC37700F1F631 /* CollectionViewItemViewController.m */,
			);
			path = PushPop;
			sourceTree = "<group>";
		};
/* End PBXGroup section */

/* Begin PBXNativeTarget section */
		A4DD33951D3890A700F1F631 /* DemoTransitions */ = {
			isa = PBXNativeTarget;
			buildConfigurationList = A4DD33AD1D3890A700F1F631 /* Build configuration list for PBXNativeTarget "DemoTransitions" */;
			buildPhases = (
				A4DD33921D3890A700F1F631 /* Sources */,
				A4DD33931D3890A700F1F631 /* Frameworks */,
				A4DD33941D3890A700F1F631 /* Resources */,
			);
			buildRules = (
			);
			dependencies = (
			);
			name = DemoTransitions;
			productName = DemoTransitions;
			productReference = A4DD33961D3890A700F1F631 /* DemoTransitions.app */;
			productType = "com.apple.product-type.application";
		};
/* End PBXNativeTarget section */

/* Begin PBXProject section */
		A4DD338E1D3890A700F1F631 /* Project object */ = {
			isa = PBXProject;
			attributes = {
				LastUpgradeCheck = 0820;
				ORGANIZATIONNAME = icetime17;
				TargetAttributes = {
					A4DD33951D3890A700F1F631 = {
						CreatedOnToolsVersion = 7.3.1;
					};
				};
			};
			buildConfigurationList = A4DD33911D3890A700F1F631 /* Build configuration list for PBXProject "DemoTransitions" */;
			compatibilityVersion = "Xcode 3.2";
			developmentRegion = English;
			hasScannedForEncodings = 0;
			knownRegions = (
				en,
				Base,
			);
			mainGroup = A4DD338D1D3890A700F1F631;
			productRefGroup = A4DD33971D3890A700F1F631 /* Products */;
			projectDirPath = "";
			projectRoot = "";
			targets = (
				A4DD33951D3890A700F1F631 /* DemoTransitions */,
			);
		};
/* End PBXProject section */

/* Begin PBXResourcesBuildPhase section */
		A4DD33941D3890A700F1F631 /* Resources */ = {
			isa = PBXResourcesBuildPhase;
			buildActionMask = 2147483647;
			files = (
				A4DD33A91D3890A700F1F631 /* LaunchScreen.storyboard in Resources */,
				A4DD33A61D3890A700F1F631 /* Assets.xcassets in Resources */,
				A4DD33A41D3890A700F1F631 /* Main.storyboard in Resources */,
			);
			runOnlyForDeploymentPostprocessing = 0;
		};
/* End PBXResourcesBuildPhase section */

/* Begin PBXSourcesBuildPhase section */
		A4DD33921D3890A700F1F631 /* Sources */ = {
			isa = PBXSourcesBuildPhase;
			buildActionMask = 2147483647;
			files = (
				A4DD33C91D38F74400F1F631 /* DemoCATransitionViewController.m in Sources */,
				A4DD33C61D38F47300F1F631 /* DemoCATransitionTableViewController.m in Sources */,
				836835AD1D39E4190065017C /* AnimatorPresentTransition.m in Sources */,
				A4BC4E131D49E46A00DCEFE7 /* DemoCATransitionPushedViewController.m in Sources */,
				A4DD33B31D38914600F1F631 /* AViewController.m in Sources */,
				836835B31D3B59DC0065017C /* AnimatorBaseTransition.m in Sources */,
				8368359C1D39D6200065017C /* DemoViewControllerTransitionTableViewController.m in Sources */,
				A4DD33A11D3890A700F1F631 /* DemoViewController.m in Sources */,
				8368359F1D39D6970065017C /* DemoViewControllerTransitionViewController.m in Sources */,
				A4BC4E071D484C0600DCEFE7 /* AnimatorPresentHalfTransition.m in Sources */,
				836835A21D39DC540065017C /* DemoViewControllerTransitionPresentedViewController.m in Sources */,
				A4DD33BC1D38C72500F1F631 /* ChildViewController.m in Sources */,
				A4DD33DA1D3DC35900F1F631 /* DemoCollectionViewController.m in Sources */,
				A4DD33B91D38BCFC00F1F631 /* CViewController.m in Sources */,
				A4DD339E1D3890A700F1F631 /* AppDelegate.m in Sources */,
				A4D8AED81D53434100060E5F /* AnimatorDrawerTransition.m in Sources */,
				A4BC4DBD1D47334E00DCEFE7 /* RootTableViewController.m in Sources */,
				A4BC4E0A1D484C2C00DCEFE7 /* AnimatorPushPopTransition.m in Sources */,
				A4BC4E101D49E45800DCEFE7 /* DemoCATransitionPresentedViewController.m in Sources */,
				836835B01D3B20700065017C /* AnimatorBubbleTransition.m in Sources */,
				A4DD33B61D38BCF400F1F631 /* BViewController.m in Sources */,
				A4DD339B1D3890A700F1F631 /* main.m in Sources */,
				A4DD33DD1D3DC37700F1F631 /* CollectionViewItemViewController.m in Sources */,
			);
			runOnlyForDeploymentPostprocessing = 0;
		};
/* End PBXSourcesBuildPhase section */

/* Begin PBXVariantGroup section */
		A4DD33A21D3890A700F1F631 /* Main.storyboard */ = {
			isa = PBXVariantGroup;
			children = (
				A4DD33A31D3890A700F1F631 /* Base */,
			);
			name = Main.storyboard;
			sourceTree = "<group>";
		};
		A4DD33A71D3890A700F1F631 /* LaunchScreen.storyboard */ = {
			isa = PBXVariantGroup;
			children = (
				A4DD33A81D3890A700F1F631 /* Base */,
			);
			name = LaunchScreen.storyboard;
			sourceTree = "<group>";
		};
/* End PBXVariantGroup section */

/* Begin XCBuildConfiguration section */
		A4DD33AB1D3890A700F1F631 /* Debug */ = {
			isa = XCBuildConfiguration;
			buildSettings = {
				ALWAYS_SEARCH_USER_PATHS = NO;
				CLANG_ANALYZER_NONNULL = YES;
				CLANG_CXX_LANGUAGE_STANDARD = "gnu++0x";
				CLANG_CXX_LIBRARY = "libc++";
				CLANG_ENABLE_MODULES = YES;
				CLANG_ENABLE_OBJC_ARC = YES;
				CLANG_WARN_BOOL_CONVERSION = YES;
				CLANG_WARN_CONSTANT_CONVERSION = YES;
				CLANG_WARN_DIRECT_OBJC_ISA_USAGE = YES_ERROR;
				CLANG_WARN_EMPTY_BODY = YES;
				CLANG_WARN_ENUM_CONVERSION = YES;
				CLANG_WARN_INFINITE_RECURSION = YES;
				CLANG_WARN_INT_CONVERSION = YES;
				CLANG_WARN_OBJC_ROOT_CLASS = YES_ERROR;
				CLANG_WARN_SUSPICIOUS_MOVE = YES;
				CLANG_WARN_UNREACHABLE_CODE = YES;
				CLANG_WARN__DUPLICATE_METHOD_MATCH = YES;
				"CODE_SIGN_IDENTITY[sdk=iphoneos*]" = "iPhone Developer";
				COPY_PHASE_STRIP = NO;
				DEBUG_INFORMATION_FORMAT = dwarf;
				ENABLE_STRICT_OBJC_MSGSEND = YES;
				ENABLE_TESTABILITY = YES;
				GCC_C_LANGUAGE_STANDARD = gnu99;
				GCC_DYNAMIC_NO_PIC = NO;
				GCC_NO_COMMON_BLOCKS = YES;
				GCC_OPTIMIZATION_LEVEL = 0;
				GCC_PREPROCESSOR_DEFINITIONS = (
					"DEBUG=1",
					"$(inherited)",
				);
				GCC_WARN_64_TO_32_BIT_CONVERSION = YES;
				GCC_WARN_ABOUT_RETURN_TYPE = YES_ERROR;
				GCC_WARN_UNDECLARED_SELECTOR = YES;
				GCC_WARN_UNINITIALIZED_AUTOS = YES_AGGRESSIVE;
				GCC_WARN_UNUSED_FUNCTION = YES;
				GCC_WARN_UNUSED_VARIABLE = YES;
				IPHONEOS_DEPLOYMENT_TARGET = 9.3;
				MTL_ENABLE_DEBUG_INFO = YES;
				ONLY_ACTIVE_ARCH = YES;
				SDKROOT = iphoneos;
			};
			name = Debug;
		};
		A4DD33AC1D3890A700F1F631 /* Release */ = {
			isa = XCBuildConfiguration;
			buildSettings = {
				ALWAYS_SEARCH_USER_PATHS = NO;
				CLANG_ANALYZER_NONNULL = YES;
				CLANG_CXX_LANGUAGE_STANDARD = "gnu++0x";
				CLANG_CXX_LIBRARY = "libc++";
				CLANG_ENABLE_MODULES = YES;
				CLANG_ENABLE_OBJC_ARC = YES;
				CLANG_WARN_BOOL_CONVERSION = YES;
				CLANG_WARN_CONSTANT_CONVERSION = YES;
				CLANG_WARN_DIRECT_OBJC_ISA_USAGE = YES_ERROR;
				CLANG_WARN_EMPTY_BODY = YES;
				CLANG_WARN_ENUM_CONVERSION = YES;
				CLANG_WARN_INFINITE_RECURSION = YES;
				CLANG_WARN_INT_CONVERSION = YES;
				CLANG_WARN_OBJC_ROOT_CLASS = YES_ERROR;
				CLANG_WARN_SUSPICIOUS_MOVE = YES;
				CLANG_WARN_UNREACHABLE_CODE = YES;
				CLANG_WARN__DUPLICATE_METHOD_MATCH = YES;
				"CODE_SIGN_IDENTITY[sdk=iphoneos*]" = "iPhone Developer";
				COPY_PHASE_STRIP = NO;
				DEBUG_INFORMATION_FORMAT = "dwarf-with-dsym";
				ENABLE_NS_ASSERTIONS = NO;
				ENABLE_STRICT_OBJC_MSGSEND = YES;
				GCC_C_LANGUAGE_STANDARD = gnu99;
				GCC_NO_COMMON_BLOCKS = YES;
				GCC_WARN_64_TO_32_BIT_CONVERSION = YES;
				GCC_WARN_ABOUT_RETURN_TYPE = YES_ERROR;
				GCC_WARN_UNDECLARED_SELECTOR = YES;
				GCC_WARN_UNINITIALIZED_AUTOS = YES_AGGRESSIVE;
				GCC_WARN_UNUSED_FUNCTION = YES;
				GCC_WARN_UNUSED_VARIABLE = YES;
				IPHONEOS_DEPLOYMENT_TARGET = 9.3;
				MTL_ENABLE_DEBUG_INFO = NO;
				SDKROOT = iphoneos;
				VALIDATE_PRODUCT = YES;
			};
			name = Release;
		};
		A4DD33AE1D3890A700F1F631 /* Debug */ = {
			isa = XCBuildConfiguration;
			buildSettings = {
				ASSETCATALOG_COMPILER_APPICON_NAME = AppIcon;
				INFOPLIST_FILE = DemoTransitions/Info.plist;
				IPHONEOS_DEPLOYMENT_TARGET = 8.0;
				LD_RUNPATH_SEARCH_PATHS = "$(inherited) @executable_path/Frameworks";
				PRODUCT_BUNDLE_IDENTIFIER = icetime17.DemoTransitions;
				PRODUCT_NAME = "$(TARGET_NAME)";
			};
			name = Debug;
		};
		A4DD33AF1D3890A700F1F631 /* Release */ = {
			isa = XCBuildConfiguration;
			buildSettings = {
				ASSETCATALOG_COMPILER_APPICON_NAME = AppIcon;
				INFOPLIST_FILE = DemoTransitions/Info.plist;
				IPHONEOS_DEPLOYMENT_TARGET = 8.0;
				LD_RUNPATH_SEARCH_PATHS = "$(inherited) @executable_path/Frameworks";
				PRODUCT_BUNDLE_IDENTIFIER = icetime17.DemoTransitions;
				PRODUCT_NAME = "$(TARGET_NAME)";
			};
			name = Release;
		};
/* End XCBuildConfiguration section */

/* Begin XCConfigurationList section */
		A4DD33911D3890A700F1F631 /* Build configuration list for PBXProject "DemoTransitions" */ = {
			isa = XCConfigurationList;
			buildConfigurations = (
				A4DD33AB1D3890A700F1F631 /* Debug */,
				A4DD33AC1D3890A700F1F631 /* Release */,
			);
			defaultConfigurationIsVisible = 0;
			defaultConfigurationName = Release;
		};
		A4DD33AD1D3890A700F1F631 /* Build configuration list for PBXNativeTarget "DemoTransitions" */ = {
			isa = XCConfigurationList;
			buildConfigurations = (
				A4DD33AE1D3890A700F1F631 /* Debug */,
				A4DD33AF1D3890A700F1F631 /* Release */,
			);
			defaultConfigurationIsVisible = 0;
			defaultConfigurationName = Release;
		};
/* End XCConfigurationList section */
	};
	rootObject = A4DD338E1D3890A700F1F631 /* Project object */;
}
